
Microsoft Visual Studio Solution File, Format Version 12.00
# Visual Studio 15
VisualStudioVersion = 15.0.27004.2006
MinimumVisualStudioVersion = 10.0.40219.1
Project("{8BC9CEB8-8B4A-11D0-8D11-00A0C91BC942}") = "DeX12", "DeX12\DeX12.vcxproj", "{33DEE25A-293C-4D16-972A-00CFE68D127D}"
EndProject
Global
	GlobalSection(SolutionConfigurationPlatforms) = preSolution
		Debug|ARM = Debug|ARM
		Debug|x64 = Debug|x64
		Debug|x86 = Debug|x86
		Release|ARM = Release|ARM
		Release|x64 = Release|x64
		Release|x86 = Release|x86
	EndGlobalSection
	GlobalSection(ProjectConfigurationPlatforms) = postSolution
		{33DEE25A-293C-4D16-972A-00CFE68D127D}.Debug|ARM.ActiveCfg = Debug|ARM
		{33DEE25A-293C-4D16-972A-00CFE68D127D}.Debug|ARM.Build.0 = Debug|ARM
		{33DEE25A-293C-4D16-972A-00CFE68D127D}.Debug|ARM.Deploy.0 = Debug|ARM
		{33DEE25A-293C-4D16-972A-00CFE68D127D}.Debug|x64.ActiveCfg = Debug|x64
		{33DEE25A-293C-4D16-972A-00CFE68D127D}.Debug|x64.Build.0 = Debug|x64
		{33DEE25A-293C-4D16-972A-00CFE68D127D}.Debug|x64.Deploy.0 = Debug|x64
		{33DEE25A-293C-4D16-972A-00CFE68D127D}.Debug|x86.ActiveCfg = Debug|Win32
		{33DEE25A-293C-4D16-972A-00CFE68D127D}.Debug|x86.Build.0 = Debug|Win32
		{33DEE25A-293C-4D16-972A-00CFE68D127D}.Debug|x86.Deploy.0 = Debug|Win32
		{33DEE25A-293C-4D16-972A-00CFE68D127D}.Release|ARM.ActiveCfg = Release|ARM
		{33DEE25A-293C-4D16-972A-00CFE68D127D}.Release|ARM.Build.0 = Release|ARM
		{33DEE25A-293C-4D16-972A-00CFE68D127D}.Release|ARM.Deploy.0 = Release|ARM
		{33DEE25A-293C-4D16-972A-00CFE68D127D}.Release|x64.ActiveCfg = Release|x64
		{33DEE25A-293C-4D16-972A-00CFE68D127D}.Release|x64.Build.0 = Release|x64
		{33DEE25A-293C-4D16-972A-00CFE68D127D}.Release|x64.Deploy.0 = Release|x64
		{33DEE25A-293C-4D16-972A-00CFE68D127D}.Release|x86.ActiveCfg = Release|Win32
		{33DEE25A-293C-4D16-972A-00CFE68D127D}.Release|x86.Build.0 = Release|Win32
		{33DEE25A-293C-4D16-972A-00CFE68D127D}.Release|x86.Deploy.0 = Release|Win32
	EndGlobalSection
	GlobalSection(SolutionProperties) = preSolution
		HideSolutionNode = FALSE
	EndGlobalSection
	GlobalSection(ExtensibilityGlobals) = postSolution
		SolutionGuid = {DFA88C79-06CB-4014-A64D-FAE722A75E66}
	EndGlobalSection
EndGlobal
